// !$*UTF8*$!
{
	archiveVersion = 1;
	classes = {
	};
	objectVersion = 46;
	objects = {

/* Begin PBXBuildFile section */
		82D75ECA1A955FE600156983 /* AppDelegate.swift in Sources */ = {isa = PBXBuildFile; fileRef = 82D75EC91A955FE600156983 /* AppDelegate.swift */; };
		82D75ECC1A955FE600156983 /* ViewController.swift in Sources */ = {isa = PBXBuildFile; fileRef = 82D75ECB1A955FE600156983 /* ViewController.swift */; };
		82D75ECF1A955FE600156983 /* Main.storyboard in Resources */ = {isa = PBXBuildFile; fileRef = 82D75ECD1A955FE600156983 /* Main.storyboard */; };
		82D75ED11A955FE600156983 /* Images.xcassets in Resources */ = {isa = PBXBuildFile; fileRef = 82D75ED01A955FE600156983 /* Images.xcassets */; };
		82D75ED41A955FE600156983 /* LaunchScreen.xib in Resources */ = {isa = PBXBuildFile; fileRef = 82D75ED21A955FE600156983 /* LaunchScreen.xib */; };
		82D75EE01A955FE600156983 /* workshop_testTests.swift in Sources */ = {isa = PBXBuildFile; fileRef = 82D75EDF1A955FE600156983 /* workshop_testTests.swift */; };
		82D75EEA1A95681D00156983 /* allison.jpg in Resources */ = {isa = PBXBuildFile; fileRef = 82D75EE91A95681D00156983 /* allison.jpg */; };
/* End PBXBuildFile section */

/* Begin PBXContainerItemProxy section */
		82D75EDA1A955FE600156983 /* PBXContainerItemProxy */ = {
			isa = PBXContainerItemProxy;
			containerPortal = 82D75EBC1A955FE600156983 /* Project object */;
			proxyType = 1;
			remoteGlobalIDString = 82D75EC31A955FE600156983;
			remoteInfo = "workshop test";
		};
/* End PBXContainerItemProxy section */

/* Begin PBXFileReference section */
		82D75EC41A955FE600156983 /* workshop test.app */ = {isa = PBXFileReference; explicitFileType = wrapper.application; includeInIndex = 0; path = "workshop test.app"; sourceTree = BUILT_PRODUCTS_DIR; };
		82D75EC81A955FE600156983 /* Info.plist */ = {isa = PBXFileReference; lastKnownFileType = text.plist.xml; path = Info.plist; sourceTree = "<group>"; };
		82D75EC91A955FE600156983 /* AppDelegate.swift */ = {isa = PBXFileReference; lastKnownFileType = sourcecode.swift; path = AppDelegate.swift; sourceTree = "<group>"; };
		82D75ECB1A955FE600156983 /* ViewController.swift */ = {isa = PBXFileReference; lastKnownFileType = sourcecode.swift; path = ViewController.swift; sourceTree = "<group>"; };
		82D75ECE1A955FE600156983 /* Base */ = {isa = PBXFileReference; lastKnownFileType = file.storyboard; name = Base; path = Base.lproj/Main.storyboard; sourceTree = "<group>"; };
		82D75ED01A955FE600156983 /* Images.xcassets */ = {isa = PBXFileReference; lastKnownFileType = folder.assetcatalog; path = Images.xcassets; sourceTree = "<group>"; };
		82D75ED31A955FE600156983 /* Base */ = {isa = PBXFileReference; lastKnownFileType = file.xib; name = Base; path = Base.lproj/LaunchScreen.xib; sourceTree = "<group>"; };
		82D75ED91A955FE600156983 /* workshop testTests.xctest */ = {isa = PBXFileReference; explicitFileType = wrapper.cfbundle; includeInIndex = 0; path = "workshop testTests.xctest"; sourceTree = BUILT_PRODUCTS_DIR; };
		82D75EDE1A955FE600156983 /* Info.plist */ = {isa = PBXFileReference; lastKnownFileType = text.plist.xml; path = Info.plist; sourceTree = "<group>"; };
		82D75EDF1A955FE600156983 /* workshop_testTests.swift */ = {isa = PBXFileReference; lastKnownFileType = sourcecode.swift; path = workshop_testTests.swift; sourceTree = "<group>"; };
		82D75EE91A95681D00156983 /* allison.jpg */ = {isa = PBXFileReference; lastKnownFileType = image.jpeg; path = allison.jpg; sourceTree = "<group>"; };
/* End PBXFileReference section */

/* Begin PBXFrameworksBuildPhase section */
		82D75EC11A955FE600156983 /* Frameworks */ = {
			isa = PBXFrameworksBuildPhase;
			buildActionMask = 2147483647;
			files = (
			);
			runOnlyForDeploymentPostprocessing = 0;
		};
		82D75ED61A955FE600156983 /* Frameworks */ = {
			isa = PBXFrameworksBuildPhase;
			buildActionMask = 2147483647;
			files = (
			);
			runOnlyForDeploymentPostprocessing = 0;
		};
/* End PBXFrameworksBuildPhase section */

/* Begin PBXGroup section */
		82D75EBB1A955FE600156983 = {
			isa = PBXGroup;
			children = (
				82D75EC61A955FE600156983 /* workshop test */,
				82D75EDC1A955FE600156983 /* workshop testTests */,
				82D75EC51A955FE600156983 /* Products */,
			);
			sourceTree = "<group>";
		};
		82D75EC51A955FE600156983 /* Products */ = {
			isa = PBXGroup;
			children = (
				82D75EC41A955FE600156983 /* workshop test.app */,
				82D75ED91A955FE600156983 /* workshop testTests.xctest */,
			);
			name = Products;
			sourceTree = "<group>";
		};
		82D75EC61A955FE600156983 /* workshop test */ = {
			isa = PBXGroup;
			children = (
				82D75EE91A95681D00156983 /* allison.jpg */,
				82D75EC91A955FE600156983 /* AppDelegate.swift */,
				82D75ECB1A955FE600156983 /* ViewController.swift */,
				82D75ECD1A955FE600156983 /* Main.storyboard */,
				82D75ED01A955FE600156983 /* Images.xcassets */,
				82D75ED21A955FE600156983 /* LaunchScreen.xib */,
				82D75EC71A955FE600156983 /* Supporting Files */,
			);
			path = "workshop test";
			sourceTree = "<group>";
		};
		82D75EC71A955FE600156983 /* Supporting Files */ = {
			isa = PBXGroup;
			children = (
				82D75EC81A955FE600156983 /* Info.plist */,
			);
			name = "Supporting Files";
			sourceTree = "<group>";
		};
		82D75EDC1A955FE600156983 /* workshop testTests */ = {
			isa = PBXGroup;
			children = (
				82D75EDF1A955FE600156983 /* workshop_testTests.swift */,
				82D75EDD1A955FE600156983 /* Supporting Files */,
			);
			path = "workshop testTests";
			sourceTree = "<group>";
		};
		82D75EDD1A955FE600156983 /* Supporting Files */ = {
			isa = PBXGroup;
			children = (
				82D75EDE1A955FE600156983 /* Info.plist */,
			);
			name = "Supporting Files";
			sourceTree = "<group>";
		};
/* End PBXGroup section */

/* Begin PBXNativeTarget section */
		82D75EC31A955FE600156983 /* workshop test */ = {
			isa = PBXNativeTarget;
			buildConfigurationList = 82D75EE31A955FE600156983 /* Build configuration list for PBXNativeTarget "workshop test" */;
			buildPhases = (
				82D75EC01A955FE600156983 /* Sources */,
				82D75EC11A955FE600156983 /* Frameworks */,
				82D75EC21A955FE600156983 /* Resources */,
			);
			buildRules = (
			);
			dependencies = (
			);
			name = "workshop test";
			productName = "workshop test";
			productReference = 82D75EC41A955FE600156983 /* workshop test.app */;
			productType = "com.apple.product-type.application";
		};
		82D75ED81A955FE600156983 /* workshop testTests */ = {
			isa = PBXNativeTarget;
			buildConfigurationList = 82D75EE61A955FE600156983 /* Build configuration list for PBXNativeTarget "workshop testTests" */;
			buildPhases = (
				82D75ED51A955FE600156983 /* Sources */,
				82D75ED61A955FE600156983 /* Frameworks */,
				82D75ED71A955FE600156983 /* Resources */,
			);
			buildRules = (
			);
			dependencies = (
				82D75EDB1A955FE600156983 /* PBXTargetDependency */,
			);
			name = "workshop testTests";
			productName = "workshop testTests";
			productReference = 82D75ED91A955FE600156983 /* workshop testTests.xctest */;
			productType = "com.apple.product-type.bundle.unit-test";
		};
/* End PBXNativeTarget section */

/* Begin PBXProject section */
		82D75EBC1A955FE600156983 /* Project object */ = {
			isa = PBXProject;
			attributes = {
				LastUpgradeCheck = 0610;
				ORGANIZATIONNAME = "Allison McMillan";
				TargetAttributes = {
					82D75EC31A955FE600156983 = {
						CreatedOnToolsVersion = 6.1.1;
					};
					82D75ED81A955FE600156983 = {
						CreatedOnToolsVersion = 6.1.1;
						TestTargetID = 82D75EC31A955FE600156983;
					};
				};
			};
			buildConfigurationList = 82D75EBF1A955FE600156983 /* Build configuration list for PBXProject "workshop test" */;
			compatibilityVersion = "Xcode 3.2";
			developmentRegion = English;
			hasScannedForEncodings = 0;
			knownRegions = (
				en,
				Base,
			);
			mainGroup = 82D75EBB1A955FE600156983;
			productRefGroup = 82D75EC51A955FE600156983 /* Products */;
			projectDirPath = "";
			projectRoot = "";
			targets = (
				82D75EC31A955FE600156983 /* workshop test */,
				82D75ED81A955FE600156983 /* workshop testTests */,
			);
		};
/* End PBXProject section */

/* Begin PBXResourcesBuildPhase section */
		82D75EC21A955FE600156983 /* Resources */ = {
			isa = PBXResourcesBuildPhase;
			buildActionMask = 2147483647;
			files = (
				82D75EEA1A95681D00156983 /* allison.jpg in Resources */,
				82D75ECF1A955FE600156983 /* Main.storyboard in Resources */,
				82D75ED41A955FE600156983 /* LaunchScreen.xib in Resources */,
				82D75ED11A955FE600156983 /* Images.xcassets in Resources */,
			);
			runOnlyForDeploymentPostprocessing = 0;
		};
		82D75ED71A955FE600156983 /* Resources */ = {
			isa = PBXResourcesBuildPhase;
			buildActionMask = 2147483647;
			files = (
			);
			runOnlyForDeploymentPostprocessing = 0;
		};
/* End PBXResourcesBuildPhase section */

/* Begin PBXSourcesBuildPhase section */
		82D75EC01A955FE600156983 /* Sources */ = {
			isa = PBXSourcesBuildPhase;
			buildActionMask = 2147483647;
			files = (
				82D75ECC1A955FE600156983 /* ViewController.swift in Sources */,
				82D75ECA1A955FE600156983 /* AppDelegate.swift in Sources */,
			);
			runOnlyForDeploymentPostprocessing = 0;
		};
		82D75ED51A955FE600156983 /* Sources */ = {
			isa = PBXSourcesBuildPhase;
			buildActionMask = 2147483647;
			files = (
				82D75EE01A955FE600156983 /* workshop_testTests.swift in Sources */,
			);
			runOnlyForDeploymentPostprocessing = 0;
		};
/* End PBXSourcesBuildPhase section */

/* Begin PBXTargetDependency section */
		82D75EDB1A955FE600156983 /* PBXTargetDependency */ = {
			isa = PBXTargetDependency;
			target = 82D75EC31A955FE600156983 /* workshop test */;
			targetProxy = 82D75EDA1A955FE600156983 /* PBXContainerItemProxy */;
		};
/* End PBXTargetDependency section */

/* Begin PBXVariantGroup section */
		82D75ECD1A955FE600156983 /* Main.storyboard */ = {
			isa = PBXVariantGroup;
			children = (
				82D75ECE1A955FE600156983 /* Base */,
			);
			name = Main.storyboard;
			sourceTree = "<group>";
		};
		82D75ED21A955FE600156983 /* LaunchScreen.xib */ = {
			isa = PBXVariantGroup;
			children = (
				82D75ED31A955FE600156983 /* Base */,
			);
			name = LaunchScreen.xib;
			sourceTree = "<group>";
		};
/* End PBXVariantGroup section */

/* Begin XCBuildConfiguration section */
		82D75EE11A955FE600156983 /* Debug */ = {
			isa = XCBuildConfiguration;
			buildSettings = {
				ALWAYS_SEARCH_USER_PATHS = NO;
				CLANG_CXX_LANGUAGE_STANDARD = "gnu++0x";
				CLANG_CXX_LIBRARY = "libc++";
				CLANG_ENABLE_MODULES = YES;
				CLANG_ENABLE_OBJC_ARC = YES;
				CLANG_WARN_BOOL_CONVERSION = YES;
				CLANG_WARN_CONSTANT_CONVERSION = YES;
				CLANG_WARN_DIRECT_OBJC_ISA_USAGE = YES_ERROR;
				CLANG_WARN_EMPTY_BODY = YES;
				CLANG_WARN_ENUM_CONVERSION = YES;
				CLANG_WARN_INT_CONVERSION = YES;
				CLANG_WARN_OBJC_ROOT_CLASS = YES_ERROR;
				CLANG_WARN_UNREACHABLE_CODE = YES;
				CLANG_WARN__DUPLICATE_METHOD_MATCH = YES;
				"CODE_SIGN_IDENTITY[sdk=iphoneos*]" = "iPhone Developer";
				COPY_PHASE_STRIP = NO;
				ENABLE_STRICT_OBJC_MSGSEND = YES;
				GCC_C_LANGUAGE_STANDARD = gnu99;
				GCC_DYNAMIC_NO_PIC = NO;
				GCC_OPTIMIZATION_LEVEL = 0;
				GCC_PREPROCESSOR_DEFINITIONS = (
					"DEBUG=1",
					"$(inherited)",
				);
				GCC_SYMBOLS_PRIVATE_EXTERN = NO;
				GCC_WARN_64_TO_32_BIT_CONVERSION = YES;
				GCC_WARN_ABOUT_RETURN_TYPE = YES_ERROR;
				GCC_WARN_UNDECLARED_SELECTOR = YES;
				GCC_WARN_UNINITIALIZED_AUTOS = YES_AGGRESSIVE;
				GCC_WARN_UNUSED_FUNCTION = YES;
				GCC_WARN_UNUSED_VARIABLE = YES;
				IPHONEOS_DEPLOYMENT_TARGET = 8.1;
				MTL_ENABLE_DEBUG_INFO = YES;
				ONLY_ACTIVE_ARCH = YES;
				SDKROOT = iphoneos;
				SWIFT_OPTIMIZATION_LEVEL = "-Onone";
				TARGETED_DEVICE_FAMILY = "1,2";
			};
			name = Debug;
		};
		82D75EE21A955FE600156983 /* Release */ = {
			isa = XCBuildConfiguration;
			buildSettings = {
				ALWAYS_SEARCH_USER_PATHS = NO;
				CLANG_CXX_LANGUAGE_STANDARD = "gnu++0x";
				CLANG_CXX_LIBRARY = "libc++";
				CLANG_ENABLE_MODULES = YES;
				CLANG_ENABLE_OBJC_ARC = YES;
				CLANG_WARN_BOOL_CONVERSION = YES;
				CLANG_WARN_CONSTANT_CONVERSION = YES;
				CLANG_WARN_DIRECT_OBJC_ISA_USAGE = YES_ERROR;
				CLANG_WARN_EMPTY_BODY = YES;
				CLANG_WARN_ENUM_CONVERSION = YES;
				CLANG_WARN_INT_CONVERSION = YES;
				CLANG_WARN_OBJC_ROOT_CLASS = YES_ERROR;
				CLANG_WARN_UNREACHABLE_CODE = YES;
				CLANG_WARN__DUPLICATE_METHOD_MATCH = YES;
				"CODE_SIGN_IDENTITY[sdk=iphoneos*]" = "iPhone Developer";
				COPY_PHASE_STRIP = YES;
				ENABLE_NS_ASSERTIONS = NO;
				ENABLE_STRICT_OBJC_MSGSEND = YES;
				GCC_C_LANGUAGE_STANDARD = gnu99;
				GCC_WARN_64_TO_32_BIT_CONVERSION = YES;
				GCC_WARN_ABOUT_RETURN_TYPE = YES_ERROR;
				GCC_WARN_UNDECLARED_SELECTOR = YES;
				GCC_WARN_UNINITIALIZED_AUTOS = YES_AGGRESSIVE;
				GCC_WARN_UNUSED_FUNCTION = YES;
				GCC_WARN_UNUSED_VARIABLE = YES;
				IPHONEOS_DEPLOYMENT_TARGET = 8.1;
				MTL_ENABLE_DEBUG_INFO = NO;
				SDKROOT = iphoneos;
				TARGETED_DEVICE_FAMILY = "1,2";
				VALIDATE_PRODUCT = YES;
			};
			name = Release;
		};
		82D75EE41A955FE600156983 /* Debug */ = {
			isa = XCBuildConfiguration;
			buildSettings = {
				ASSETCATALOG_COMPILER_APPICON_NAME = AppIcon;
				INFOPLIST_FILE = "workshop test/Info.plist";
				LD_RUNPATH_SEARCH_PATHS = "$(inherited) @executable_path/Frameworks";
				PRODUCT_NAME = "$(TARGET_NAME)";
			};
			name = Debug;
		};
		82D75EE51A955FE600156983 /* Release */ = {
			isa = XCBuildConfiguration;
			buildSettings = {
				ASSETCATALOG_COMPILER_APPICON_NAME = AppIcon;
				INFOPLIST_FILE = "workshop test/Info.plist";
				LD_RUNPATH_SEARCH_PATHS = "$(inherited) @executable_path/Frameworks";
				PRODUCT_NAME = "$(TARGET_NAME)";
			};
			name = Release;
		};
		82D75EE71A955FE600156983 /* Debug */ = {
			isa = XCBuildConfiguration;
			buildSettings = {
				BUNDLE_LOADER = "$(TEST_HOST)";
				FRAMEWORK_SEARCH_PATHS = (
					"$(SDKROOT)/Developer/Library/Frameworks",
					"$(inherited)",
				);
				GCC_PREPROCESSOR_DEFINITIONS = (
					"DEBUG=1",
					"$(inherited)",
				);
				INFOPLIST_FILE = "workshop testTests/Info.plist";
				LD_RUNPATH_SEARCH_PATHS = "$(inherited) @executable_path/Frameworks @loader_path/Frameworks";
				PRODUCT_NAME = "$(TARGET_NAME)";
				TEST_HOST = "$(BUILT_PRODUCTS_DIR)/workshop test.app/workshop test";
			};
			name = Debug;
		};
		82D75EE81A955FE600156983 /* Release */ = {
			isa = XCBuildConfiguration;
			buildSettings = {
				BUNDLE_LOADER = "$(TEST_HOST)";
				FRAMEWORK_SEARCH_PATHS = (
					"$(SDKROOT)/Developer/Library/Frameworks",
					"$(inherited)",
				);
				INFOPLIST_FILE = "workshop testTests/Info.plist";
				LD_RUNPATH_SEARCH_PATHS = "$(inherited) @executable_path/Frameworks @loader_path/Frameworks";
				PRODUCT_NAME = "$(TARGET_NAME)";
				TEST_HOST = "$(BUILT_PRODUCTS_DIR)/workshop test.app/workshop test";
			};
			name = Release;
		};
/* End XCBuildConfiguration section */

/* Begin XCConfigurationList section */
		82D75EBF1A955FE600156983 /* Build configuration list for PBXProject "workshop test" */ = {
			isa = XCConfigurationList;
			buildConfigurations = (
				82D75EE11A955FE600156983 /* Debug */,
				82D75EE21A955FE600156983 /* Release */,
			);
			defaultConfigurationIsVisible = 0;
			defaultConfigurationName = Release;
		};
		82D75EE31A955FE600156983 /* Build configuration list for PBXNativeTarget "workshop test" */ = {
			isa = XCConfigurationList;
			buildConfigurations = (
				82D75EE41A955FE600156983 /* Debug */,
				82D75EE51A955FE600156983 /* Release */,
			);
			defaultConfigurationIsVisible = 0;
		};
		82D75EE61A955FE600156983 /* Build configuration list for PBXNativeTarget "workshop testTests" */ = {
			isa = XCConfigurationList;
			buildConfigurations = (
				82D75EE71A955FE600156983 /* Debug */,
				82D75EE81A955FE600156983 /* Release */,
			);
			defaultConfigurationIsVisible = 0;
		};
/* End XCConfigurationList section */
	};
	rootObject = 82D75EBC1A955FE600156983 /* Project object */;
}
