// !$*UTF8*$!
{
	archiveVersion = 1;
	classes = {
	};
	objectVersion = 46;
	objects = {

/* Begin PBXBuildFile section */
		827967221A804D4E0040144E /* AppDelegate.swift in Sources */ = {isa = PBXBuildFile; fileRef = 827967211A804D4E0040144E /* AppDelegate.swift */; };
		827967241A804D4E0040144E /* ViewController.swift in Sources */ = {isa = PBXBuildFile; fileRef = 827967231A804D4E0040144E /* ViewController.swift */; };
		827967271A804D4E0040144E /* Main.storyboard in Resources */ = {isa = PBXBuildFile; fileRef = 827967251A804D4E0040144E /* Main.storyboard */; };
		827967291A804D4E0040144E /* Images.xcassets in Resources */ = {isa = PBXBuildFile; fileRef = 827967281A804D4E0040144E /* Images.xcassets */; };
		8279672C1A804D4E0040144E /* LaunchScreen.xib in Resources */ = {isa = PBXBuildFile; fileRef = 8279672A1A804D4E0040144E /* LaunchScreen.xib */; };
		827967381A804D4E0040144E /* ios_delegatesTests.swift in Sources */ = {isa = PBXBuildFile; fileRef = 827967371A804D4E0040144E /* ios_delegatesTests.swift */; };
/* End PBXBuildFile section */

/* Begin PBXContainerItemProxy section */
		827967321A804D4E0040144E /* PBXContainerItemProxy */ = {
			isa = PBXContainerItemProxy;
			containerPortal = 827967141A804D4E0040144E /* Project object */;
			proxyType = 1;
			remoteGlobalIDString = 8279671B1A804D4E0040144E;
			remoteInfo = "ios delegates";
		};
/* End PBXContainerItemProxy section */

/* Begin PBXFileReference section */
		8279671C1A804D4E0040144E /* ios delegates.app */ = {isa = PBXFileReference; explicitFileType = wrapper.application; includeInIndex = 0; path = "ios delegates.app"; sourceTree = BUILT_PRODUCTS_DIR; };
		827967201A804D4E0040144E /* Info.plist */ = {isa = PBXFileReference; lastKnownFileType = text.plist.xml; path = Info.plist; sourceTree = "<group>"; };
		827967211A804D4E0040144E /* AppDelegate.swift */ = {isa = PBXFileReference; lastKnownFileType = sourcecode.swift; path = AppDelegate.swift; sourceTree = "<group>"; };
		827967231A804D4E0040144E /* ViewController.swift */ = {isa = PBXFileReference; lastKnownFileType = sourcecode.swift; path = ViewController.swift; sourceTree = "<group>"; };
		827967261A804D4E0040144E /* Base */ = {isa = PBXFileReference; lastKnownFileType = file.storyboard; name = Base; path = Base.lproj/Main.storyboard; sourceTree = "<group>"; };
		827967281A804D4E0040144E /* Images.xcassets */ = {isa = PBXFileReference; lastKnownFileType = folder.assetcatalog; path = Images.xcassets; sourceTree = "<group>"; };
		8279672B1A804D4E0040144E /* Base */ = {isa = PBXFileReference; lastKnownFileType = file.xib; name = Base; path = Base.lproj/LaunchScreen.xib; sourceTree = "<group>"; };
		827967311A804D4E0040144E /* ios delegatesTests.xctest */ = {isa = PBXFileReference; explicitFileType = wrapper.cfbundle; includeInIndex = 0; path = "ios delegatesTests.xctest"; sourceTree = BUILT_PRODUCTS_DIR; };
		827967361A804D4E0040144E /* Info.plist */ = {isa = PBXFileReference; lastKnownFileType = text.plist.xml; path = Info.plist; sourceTree = "<group>"; };
		827967371A804D4E0040144E /* ios_delegatesTests.swift */ = {isa = PBXFileReference; lastKnownFileType = sourcecode.swift; path = ios_delegatesTests.swift; sourceTree = "<group>"; };
/* End PBXFileReference section */

/* Begin PBXFrameworksBuildPhase section */
		827967191A804D4E0040144E /* Frameworks */ = {
			isa = PBXFrameworksBuildPhase;
			buildActionMask = 2147483647;
			files = (
			);
			runOnlyForDeploymentPostprocessing = 0;
		};
		8279672E1A804D4E0040144E /* Frameworks */ = {
			isa = PBXFrameworksBuildPhase;
			buildActionMask = 2147483647;
			files = (
			);
			runOnlyForDeploymentPostprocessing = 0;
		};
/* End PBXFrameworksBuildPhase section */

/* Begin PBXGroup section */
		827967131A804D4E0040144E = {
			isa = PBXGroup;
			children = (
				8279671E1A804D4E0040144E /* ios delegates */,
				827967341A804D4E0040144E /* ios delegatesTests */,
				8279671D1A804D4E0040144E /* Products */,
			);
			sourceTree = "<group>";
		};
		8279671D1A804D4E0040144E /* Products */ = {
			isa = PBXGroup;
			children = (
				8279671C1A804D4E0040144E /* ios delegates.app */,
				827967311A804D4E0040144E /* ios delegatesTests.xctest */,
			);
			name = Products;
			sourceTree = "<group>";
		};
		8279671E1A804D4E0040144E /* ios delegates */ = {
			isa = PBXGroup;
			children = (
				827967211A804D4E0040144E /* AppDelegate.swift */,
				827967231A804D4E0040144E /* ViewController.swift */,
				827967251A804D4E0040144E /* Main.storyboard */,
				827967281A804D4E0040144E /* Images.xcassets */,
				8279672A1A804D4E0040144E /* LaunchScreen.xib */,
				8279671F1A804D4E0040144E /* Supporting Files */,
			);
			path = "ios delegates";
			sourceTree = "<group>";
		};
		8279671F1A804D4E0040144E /* Supporting Files */ = {
			isa = PBXGroup;
			children = (
				827967201A804D4E0040144E /* Info.plist */,
			);
			name = "Supporting Files";
			sourceTree = "<group>";
		};
		827967341A804D4E0040144E /* ios delegatesTests */ = {
			isa = PBXGroup;
			children = (
				827967371A804D4E0040144E /* ios_delegatesTests.swift */,
				827967351A804D4E0040144E /* Supporting Files */,
			);
			path = "ios delegatesTests";
			sourceTree = "<group>";
		};
		827967351A804D4E0040144E /* Supporting Files */ = {
			isa = PBXGroup;
			children = (
				827967361A804D4E0040144E /* Info.plist */,
			);
			name = "Supporting Files";
			sourceTree = "<group>";
		};
/* End PBXGroup section */

/* Begin PBXNativeTarget section */
		8279671B1A804D4E0040144E /* ios delegates */ = {
			isa = PBXNativeTarget;
			buildConfigurationList = 8279673B1A804D4E0040144E /* Build configuration list for PBXNativeTarget "ios delegates" */;
			buildPhases = (
				827967181A804D4E0040144E /* Sources */,
				827967191A804D4E0040144E /* Frameworks */,
				8279671A1A804D4E0040144E /* Resources */,
			);
			buildRules = (
			);
			dependencies = (
			);
			name = "ios delegates";
			productName = "ios delegates";
			productReference = 8279671C1A804D4E0040144E /* ios delegates.app */;
			productType = "com.apple.product-type.application";
		};
		827967301A804D4E0040144E /* ios delegatesTests */ = {
			isa = PBXNativeTarget;
			buildConfigurationList = 8279673E1A804D4E0040144E /* Build configuration list for PBXNativeTarget "ios delegatesTests" */;
			buildPhases = (
				8279672D1A804D4E0040144E /* Sources */,
				8279672E1A804D4E0040144E /* Frameworks */,
				8279672F1A804D4E0040144E /* Resources */,
			);
			buildRules = (
			);
			dependencies = (
				827967331A804D4E0040144E /* PBXTargetDependency */,
			);
			name = "ios delegatesTests";
			productName = "ios delegatesTests";
			productReference = 827967311A804D4E0040144E /* ios delegatesTests.xctest */;
			productType = "com.apple.product-type.bundle.unit-test";
		};
/* End PBXNativeTarget section */

/* Begin PBXProject section */
		827967141A804D4E0040144E /* Project object */ = {
			isa = PBXProject;
			attributes = {
				LastUpgradeCheck = 0610;
				ORGANIZATIONNAME = "Allison McMillan";
				TargetAttributes = {
					8279671B1A804D4E0040144E = {
						CreatedOnToolsVersion = 6.1.1;
					};
					827967301A804D4E0040144E = {
						CreatedOnToolsVersion = 6.1.1;
						TestTargetID = 8279671B1A804D4E0040144E;
					};
				};
			};
			buildConfigurationList = 827967171A804D4E0040144E /* Build configuration list for PBXProject "ios delegates" */;
			compatibilityVersion = "Xcode 3.2";
			developmentRegion = English;
			hasScannedForEncodings = 0;
			knownRegions = (
				en,
				Base,
			);
			mainGroup = 827967131A804D4E0040144E;
			productRefGroup = 8279671D1A804D4E0040144E /* Products */;
			projectDirPath = "";
			projectRoot = "";
			targets = (
				8279671B1A804D4E0040144E /* ios delegates */,
				827967301A804D4E0040144E /* ios delegatesTests */,
			);
		};
/* End PBXProject section */

/* Begin PBXResourcesBuildPhase section */
		8279671A1A804D4E0040144E /* Resources */ = {
			isa = PBXResourcesBuildPhase;
			buildActionMask = 2147483647;
			files = (
				827967271A804D4E0040144E /* Main.storyboard in Resources */,
				8279672C1A804D4E0040144E /* LaunchScreen.xib in Resources */,
				827967291A804D4E0040144E /* Images.xcassets in Resources */,
			);
			runOnlyForDeploymentPostprocessing = 0;
		};
		8279672F1A804D4E0040144E /* Resources */ = {
			isa = PBXResourcesBuildPhase;
			buildActionMask = 2147483647;
			files = (
			);
			runOnlyForDeploymentPostprocessing = 0;
		};
/* End PBXResourcesBuildPhase section */

/* Begin PBXSourcesBuildPhase section */
		827967181A804D4E0040144E /* Sources */ = {
			isa = PBXSourcesBuildPhase;
			buildActionMask = 2147483647;
			files = (
				827967241A804D4E0040144E /* ViewController.swift in Sources */,
				827967221A804D4E0040144E /* AppDelegate.swift in Sources */,
			);
			runOnlyForDeploymentPostprocessing = 0;
		};
		8279672D1A804D4E0040144E /* Sources */ = {
			isa = PBXSourcesBuildPhase;
			buildActionMask = 2147483647;
			files = (
				827967381A804D4E0040144E /* ios_delegatesTests.swift in Sources */,
			);
			runOnlyForDeploymentPostprocessing = 0;
		};
/* End PBXSourcesBuildPhase section */

/* Begin PBXTargetDependency section */
		827967331A804D4E0040144E /* PBXTargetDependency */ = {
			isa = PBXTargetDependency;
			target = 8279671B1A804D4E0040144E /* ios delegates */;
			targetProxy = 827967321A804D4E0040144E /* PBXContainerItemProxy */;
		};
/* End PBXTargetDependency section */

/* Begin PBXVariantGroup section */
		827967251A804D4E0040144E /* Main.storyboard */ = {
			isa = PBXVariantGroup;
			children = (
				827967261A804D4E0040144E /* Base */,
			);
			name = Main.storyboard;
			sourceTree = "<group>";
		};
		8279672A1A804D4E0040144E /* LaunchScreen.xib */ = {
			isa = PBXVariantGroup;
			children = (
				8279672B1A804D4E0040144E /* Base */,
			);
			name = LaunchScreen.xib;
			sourceTree = "<group>";
		};
/* End PBXVariantGroup section */

/* Begin XCBuildConfiguration section */
		827967391A804D4E0040144E /* Debug */ = {
			isa = XCBuildConfiguration;
			buildSettings = {
				ALWAYS_SEARCH_USER_PATHS = NO;
				CLANG_CXX_LANGUAGE_STANDARD = "gnu++0x";
				CLANG_CXX_LIBRARY = "libc++";
				CLANG_ENABLE_MODULES = YES;
				CLANG_ENABLE_OBJC_ARC = YES;
				CLANG_WARN_BOOL_CONVERSION = YES;
				CLANG_WARN_CONSTANT_CONVERSION = YES;
				CLANG_WARN_DIRECT_OBJC_ISA_USAGE = YES_ERROR;
				CLANG_WARN_EMPTY_BODY = YES;
				CLANG_WARN_ENUM_CONVERSION = YES;
				CLANG_WARN_INT_CONVERSION = YES;
				CLANG_WARN_OBJC_ROOT_CLASS = YES_ERROR;
				CLANG_WARN_UNREACHABLE_CODE = YES;
				CLANG_WARN__DUPLICATE_METHOD_MATCH = YES;
				"CODE_SIGN_IDENTITY[sdk=iphoneos*]" = "iPhone Developer";
				COPY_PHASE_STRIP = NO;
				ENABLE_STRICT_OBJC_MSGSEND = YES;
				GCC_C_LANGUAGE_STANDARD = gnu99;
				GCC_DYNAMIC_NO_PIC = NO;
				GCC_OPTIMIZATION_LEVEL = 0;
				GCC_PREPROCESSOR_DEFINITIONS = (
					"DEBUG=1",
					"$(inherited)",
				);
				GCC_SYMBOLS_PRIVATE_EXTERN = NO;
				GCC_WARN_64_TO_32_BIT_CONVERSION = YES;
				GCC_WARN_ABOUT_RETURN_TYPE = YES_ERROR;
				GCC_WARN_UNDECLARED_SELECTOR = YES;
				GCC_WARN_UNINITIALIZED_AUTOS = YES_AGGRESSIVE;
				GCC_WARN_UNUSED_FUNCTION = YES;
				GCC_WARN_UNUSED_VARIABLE = YES;
				IPHONEOS_DEPLOYMENT_TARGET = 8.1;
				MTL_ENABLE_DEBUG_INFO = YES;
				ONLY_ACTIVE_ARCH = YES;
				SDKROOT = iphoneos;
				SWIFT_OPTIMIZATION_LEVEL = "-Onone";
			};
			name = Debug;
		};
		8279673A1A804D4E0040144E /* Release */ = {
			isa = XCBuildConfiguration;
			buildSettings = {
				ALWAYS_SEARCH_USER_PATHS = NO;
				CLANG_CXX_LANGUAGE_STANDARD = "gnu++0x";
				CLANG_CXX_LIBRARY = "libc++";
				CLANG_ENABLE_MODULES = YES;
				CLANG_ENABLE_OBJC_ARC = YES;
				CLANG_WARN_BOOL_CONVERSION = YES;
				CLANG_WARN_CONSTANT_CONVERSION = YES;
				CLANG_WARN_DIRECT_OBJC_ISA_USAGE = YES_ERROR;
				CLANG_WARN_EMPTY_BODY = YES;
				CLANG_WARN_ENUM_CONVERSION = YES;
				CLANG_WARN_INT_CONVERSION = YES;
				CLANG_WARN_OBJC_ROOT_CLASS = YES_ERROR;
				CLANG_WARN_UNREACHABLE_CODE = YES;
				CLANG_WARN__DUPLICATE_METHOD_MATCH = YES;
				"CODE_SIGN_IDENTITY[sdk=iphoneos*]" = "iPhone Developer";
				COPY_PHASE_STRIP = YES;
				ENABLE_NS_ASSERTIONS = NO;
				ENABLE_STRICT_OBJC_MSGSEND = YES;
				GCC_C_LANGUAGE_STANDARD = gnu99;
				GCC_WARN_64_TO_32_BIT_CONVERSION = YES;
				GCC_WARN_ABOUT_RETURN_TYPE = YES_ERROR;
				GCC_WARN_UNDECLARED_SELECTOR = YES;
				GCC_WARN_UNINITIALIZED_AUTOS = YES_AGGRESSIVE;
				GCC_WARN_UNUSED_FUNCTION = YES;
				GCC_WARN_UNUSED_VARIABLE = YES;
				IPHONEOS_DEPLOYMENT_TARGET = 8.1;
				MTL_ENABLE_DEBUG_INFO = NO;
				SDKROOT = iphoneos;
				VALIDATE_PRODUCT = YES;
			};
			name = Release;
		};
		8279673C1A804D4E0040144E /* Debug */ = {
			isa = XCBuildConfiguration;
			buildSettings = {
				ASSETCATALOG_COMPILER_APPICON_NAME = AppIcon;
				INFOPLIST_FILE = "ios delegates/Info.plist";
				LD_RUNPATH_SEARCH_PATHS = "$(inherited) @executable_path/Frameworks";
				PRODUCT_NAME = "$(TARGET_NAME)";
			};
			name = Debug;
		};
		8279673D1A804D4E0040144E /* Release */ = {
			isa = XCBuildConfiguration;
			buildSettings = {
				ASSETCATALOG_COMPILER_APPICON_NAME = AppIcon;
				INFOPLIST_FILE = "ios delegates/Info.plist";
				LD_RUNPATH_SEARCH_PATHS = "$(inherited) @executable_path/Frameworks";
				PRODUCT_NAME = "$(TARGET_NAME)";
			};
			name = Release;
		};
		8279673F1A804D4E0040144E /* Debug */ = {
			isa = XCBuildConfiguration;
			buildSettings = {
				BUNDLE_LOADER = "$(TEST_HOST)";
				FRAMEWORK_SEARCH_PATHS = (
					"$(SDKROOT)/Developer/Library/Frameworks",
					"$(inherited)",
				);
				GCC_PREPROCESSOR_DEFINITIONS = (
					"DEBUG=1",
					"$(inherited)",
				);
				INFOPLIST_FILE = "ios delegatesTests/Info.plist";
				LD_RUNPATH_SEARCH_PATHS = "$(inherited) @executable_path/Frameworks @loader_path/Frameworks";
				PRODUCT_NAME = "$(TARGET_NAME)";
				TEST_HOST = "$(BUILT_PRODUCTS_DIR)/ios delegates.app/ios delegates";
			};
			name = Debug;
		};
		827967401A804D4E0040144E /* Release */ = {
			isa = XCBuildConfiguration;
			buildSettings = {
				BUNDLE_LOADER = "$(TEST_HOST)";
				FRAMEWORK_SEARCH_PATHS = (
					"$(SDKROOT)/Developer/Library/Frameworks",
					"$(inherited)",
				);
				INFOPLIST_FILE = "ios delegatesTests/Info.plist";
				LD_RUNPATH_SEARCH_PATHS = "$(inherited) @executable_path/Frameworks @loader_path/Frameworks";
				PRODUCT_NAME = "$(TARGET_NAME)";
				TEST_HOST = "$(BUILT_PRODUCTS_DIR)/ios delegates.app/ios delegates";
			};
			name = Release;
		};
/* End XCBuildConfiguration section */

/* Begin XCConfigurationList section */
		827967171A804D4E0040144E /* Build configuration list for PBXProject "ios delegates" */ = {
			isa = XCConfigurationList;
			buildConfigurations = (
				827967391A804D4E0040144E /* Debug */,
				8279673A1A804D4E0040144E /* Release */,
			);
			defaultConfigurationIsVisible = 0;
			defaultConfigurationName = Release;
		};
		8279673B1A804D4E0040144E /* Build configuration list for PBXNativeTarget "ios delegates" */ = {
			isa = XCConfigurationList;
			buildConfigurations = (
				8279673C1A804D4E0040144E /* Debug */,
				8279673D1A804D4E0040144E /* Release */,
			);
			defaultConfigurationIsVisible = 0;
		};
		8279673E1A804D4E0040144E /* Build configuration list for PBXNativeTarget "ios delegatesTests" */ = {
			isa = XCConfigurationList;
			buildConfigurations = (
				8279673F1A804D4E0040144E /* Debug */,
				827967401A804D4E0040144E /* Release */,
			);
			defaultConfigurationIsVisible = 0;
		};
/* End XCConfigurationList section */
	};
	rootObject = 827967141A804D4E0040144E /* Project object */;
}
