// !$*UTF8*$!
{
	archiveVersion = 1;
	classes = {
	};
	objectVersion = 46;
	objects = {

/* Begin PBXBuildFile section */
		825CF87D1A44B3B300A05427 /* AppDelegate.swift in Sources */ = {isa = PBXBuildFile; fileRef = 825CF87C1A44B3B300A05427 /* AppDelegate.swift */; };
		825CF87F1A44B3B300A05427 /* ViewController.swift in Sources */ = {isa = PBXBuildFile; fileRef = 825CF87E1A44B3B300A05427 /* ViewController.swift */; };
		825CF8821A44B3B300A05427 /* Main.storyboard in Resources */ = {isa = PBXBuildFile; fileRef = 825CF8801A44B3B300A05427 /* Main.storyboard */; };
		825CF8841A44B3B300A05427 /* Images.xcassets in Resources */ = {isa = PBXBuildFile; fileRef = 825CF8831A44B3B300A05427 /* Images.xcassets */; };
		825CF8871A44B3B300A05427 /* LaunchScreen.xib in Resources */ = {isa = PBXBuildFile; fileRef = 825CF8851A44B3B300A05427 /* LaunchScreen.xib */; };
		825CF8931A44B3B300A05427 /* first_appTests.swift in Sources */ = {isa = PBXBuildFile; fileRef = 825CF8921A44B3B300A05427 /* first_appTests.swift */; };
		825CF89D1A473EC700A05427 /* iphone.jpeg in Resources */ = {isa = PBXBuildFile; fileRef = 825CF89C1A473EC600A05427 /* iphone.jpeg */; };
/* End PBXBuildFile section */

/* Begin PBXContainerItemProxy section */
		825CF88D1A44B3B300A05427 /* PBXContainerItemProxy */ = {
			isa = PBXContainerItemProxy;
			containerPortal = 825CF86F1A44B3B300A05427 /* Project object */;
			proxyType = 1;
			remoteGlobalIDString = 825CF8761A44B3B300A05427;
			remoteInfo = "first app";
		};
/* End PBXContainerItemProxy section */

/* Begin PBXFileReference section */
		825CF8771A44B3B300A05427 /* first app.app */ = {isa = PBXFileReference; explicitFileType = wrapper.application; includeInIndex = 0; path = "first app.app"; sourceTree = BUILT_PRODUCTS_DIR; };
		825CF87B1A44B3B300A05427 /* Info.plist */ = {isa = PBXFileReference; lastKnownFileType = text.plist.xml; path = Info.plist; sourceTree = "<group>"; };
		825CF87C1A44B3B300A05427 /* AppDelegate.swift */ = {isa = PBXFileReference; lastKnownFileType = sourcecode.swift; path = AppDelegate.swift; sourceTree = "<group>"; };
		825CF87E1A44B3B300A05427 /* ViewController.swift */ = {isa = PBXFileReference; lastKnownFileType = sourcecode.swift; path = ViewController.swift; sourceTree = "<group>"; };
		825CF8811A44B3B300A05427 /* Base */ = {isa = PBXFileReference; lastKnownFileType = file.storyboard; name = Base; path = Base.lproj/Main.storyboard; sourceTree = "<group>"; };
		825CF8831A44B3B300A05427 /* Images.xcassets */ = {isa = PBXFileReference; lastKnownFileType = folder.assetcatalog; path = Images.xcassets; sourceTree = "<group>"; };
		825CF8861A44B3B300A05427 /* Base */ = {isa = PBXFileReference; lastKnownFileType = file.xib; name = Base; path = Base.lproj/LaunchScreen.xib; sourceTree = "<group>"; };
		825CF88C1A44B3B300A05427 /* first appTests.xctest */ = {isa = PBXFileReference; explicitFileType = wrapper.cfbundle; includeInIndex = 0; path = "first appTests.xctest"; sourceTree = BUILT_PRODUCTS_DIR; };
		825CF8911A44B3B300A05427 /* Info.plist */ = {isa = PBXFileReference; lastKnownFileType = text.plist.xml; path = Info.plist; sourceTree = "<group>"; };
		825CF8921A44B3B300A05427 /* first_appTests.swift */ = {isa = PBXFileReference; lastKnownFileType = sourcecode.swift; path = first_appTests.swift; sourceTree = "<group>"; };
		825CF89C1A473EC600A05427 /* iphone.jpeg */ = {isa = PBXFileReference; lastKnownFileType = image.jpeg; path = iphone.jpeg; sourceTree = "<group>"; };
/* End PBXFileReference section */

/* Begin PBXFrameworksBuildPhase section */
		825CF8741A44B3B300A05427 /* Frameworks */ = {
			isa = PBXFrameworksBuildPhase;
			buildActionMask = 2147483647;
			files = (
			);
			runOnlyForDeploymentPostprocessing = 0;
		};
		825CF8891A44B3B300A05427 /* Frameworks */ = {
			isa = PBXFrameworksBuildPhase;
			buildActionMask = 2147483647;
			files = (
			);
			runOnlyForDeploymentPostprocessing = 0;
		};
/* End PBXFrameworksBuildPhase section */

/* Begin PBXGroup section */
		825CF86E1A44B3B300A05427 = {
			isa = PBXGroup;
			children = (
				825CF8791A44B3B300A05427 /* first app */,
				825CF88F1A44B3B300A05427 /* first appTests */,
				825CF8781A44B3B300A05427 /* Products */,
			);
			sourceTree = "<group>";
		};
		825CF8781A44B3B300A05427 /* Products */ = {
			isa = PBXGroup;
			children = (
				825CF8771A44B3B300A05427 /* first app.app */,
				825CF88C1A44B3B300A05427 /* first appTests.xctest */,
			);
			name = Products;
			sourceTree = "<group>";
		};
		825CF8791A44B3B300A05427 /* first app */ = {
			isa = PBXGroup;
			children = (
				825CF89C1A473EC600A05427 /* iphone.jpeg */,
				825CF87C1A44B3B300A05427 /* AppDelegate.swift */,
				825CF87E1A44B3B300A05427 /* ViewController.swift */,
				825CF8801A44B3B300A05427 /* Main.storyboard */,
				825CF8831A44B3B300A05427 /* Images.xcassets */,
				825CF8851A44B3B300A05427 /* LaunchScreen.xib */,
				825CF87A1A44B3B300A05427 /* Supporting Files */,
			);
			path = "first app";
			sourceTree = "<group>";
		};
		825CF87A1A44B3B300A05427 /* Supporting Files */ = {
			isa = PBXGroup;
			children = (
				825CF87B1A44B3B300A05427 /* Info.plist */,
			);
			name = "Supporting Files";
			sourceTree = "<group>";
		};
		825CF88F1A44B3B300A05427 /* first appTests */ = {
			isa = PBXGroup;
			children = (
				825CF8921A44B3B300A05427 /* first_appTests.swift */,
				825CF8901A44B3B300A05427 /* Supporting Files */,
			);
			path = "first appTests";
			sourceTree = "<group>";
		};
		825CF8901A44B3B300A05427 /* Supporting Files */ = {
			isa = PBXGroup;
			children = (
				825CF8911A44B3B300A05427 /* Info.plist */,
			);
			name = "Supporting Files";
			sourceTree = "<group>";
		};
/* End PBXGroup section */

/* Begin PBXNativeTarget section */
		825CF8761A44B3B300A05427 /* first app */ = {
			isa = PBXNativeTarget;
			buildConfigurationList = 825CF8961A44B3B300A05427 /* Build configuration list for PBXNativeTarget "first app" */;
			buildPhases = (
				825CF8731A44B3B300A05427 /* Sources */,
				825CF8741A44B3B300A05427 /* Frameworks */,
				825CF8751A44B3B300A05427 /* Resources */,
			);
			buildRules = (
			);
			dependencies = (
			);
			name = "first app";
			productName = "first app";
			productReference = 825CF8771A44B3B300A05427 /* first app.app */;
			productType = "com.apple.product-type.application";
		};
		825CF88B1A44B3B300A05427 /* first appTests */ = {
			isa = PBXNativeTarget;
			buildConfigurationList = 825CF8991A44B3B300A05427 /* Build configuration list for PBXNativeTarget "first appTests" */;
			buildPhases = (
				825CF8881A44B3B300A05427 /* Sources */,
				825CF8891A44B3B300A05427 /* Frameworks */,
				825CF88A1A44B3B300A05427 /* Resources */,
			);
			buildRules = (
			);
			dependencies = (
				825CF88E1A44B3B300A05427 /* PBXTargetDependency */,
			);
			name = "first appTests";
			productName = "first appTests";
			productReference = 825CF88C1A44B3B300A05427 /* first appTests.xctest */;
			productType = "com.apple.product-type.bundle.unit-test";
		};
/* End PBXNativeTarget section */

/* Begin PBXProject section */
		825CF86F1A44B3B300A05427 /* Project object */ = {
			isa = PBXProject;
			attributes = {
				LastUpgradeCheck = 0610;
				ORGANIZATIONNAME = "Allison McMillan";
				TargetAttributes = {
					825CF8761A44B3B300A05427 = {
						CreatedOnToolsVersion = 6.1.1;
					};
					825CF88B1A44B3B300A05427 = {
						CreatedOnToolsVersion = 6.1.1;
						TestTargetID = 825CF8761A44B3B300A05427;
					};
				};
			};
			buildConfigurationList = 825CF8721A44B3B300A05427 /* Build configuration list for PBXProject "first app" */;
			compatibilityVersion = "Xcode 3.2";
			developmentRegion = English;
			hasScannedForEncodings = 0;
			knownRegions = (
				en,
				Base,
			);
			mainGroup = 825CF86E1A44B3B300A05427;
			productRefGroup = 825CF8781A44B3B300A05427 /* Products */;
			projectDirPath = "";
			projectRoot = "";
			targets = (
				825CF8761A44B3B300A05427 /* first app */,
				825CF88B1A44B3B300A05427 /* first appTests */,
			);
		};
/* End PBXProject section */

/* Begin PBXResourcesBuildPhase section */
		825CF8751A44B3B300A05427 /* Resources */ = {
			isa = PBXResourcesBuildPhase;
			buildActionMask = 2147483647;
			files = (
				825CF8821A44B3B300A05427 /* Main.storyboard in Resources */,
				825CF8871A44B3B300A05427 /* LaunchScreen.xib in Resources */,
				825CF89D1A473EC700A05427 /* iphone.jpeg in Resources */,
				825CF8841A44B3B300A05427 /* Images.xcassets in Resources */,
			);
			runOnlyForDeploymentPostprocessing = 0;
		};
		825CF88A1A44B3B300A05427 /* Resources */ = {
			isa = PBXResourcesBuildPhase;
			buildActionMask = 2147483647;
			files = (
			);
			runOnlyForDeploymentPostprocessing = 0;
		};
/* End PBXResourcesBuildPhase section */

/* Begin PBXSourcesBuildPhase section */
		825CF8731A44B3B300A05427 /* Sources */ = {
			isa = PBXSourcesBuildPhase;
			buildActionMask = 2147483647;
			files = (
				825CF87F1A44B3B300A05427 /* ViewController.swift in Sources */,
				825CF87D1A44B3B300A05427 /* AppDelegate.swift in Sources */,
			);
			runOnlyForDeploymentPostprocessing = 0;
		};
		825CF8881A44B3B300A05427 /* Sources */ = {
			isa = PBXSourcesBuildPhase;
			buildActionMask = 2147483647;
			files = (
				825CF8931A44B3B300A05427 /* first_appTests.swift in Sources */,
			);
			runOnlyForDeploymentPostprocessing = 0;
		};
/* End PBXSourcesBuildPhase section */

/* Begin PBXTargetDependency section */
		825CF88E1A44B3B300A05427 /* PBXTargetDependency */ = {
			isa = PBXTargetDependency;
			target = 825CF8761A44B3B300A05427 /* first app */;
			targetProxy = 825CF88D1A44B3B300A05427 /* PBXContainerItemProxy */;
		};
/* End PBXTargetDependency section */

/* Begin PBXVariantGroup section */
		825CF8801A44B3B300A05427 /* Main.storyboard */ = {
			isa = PBXVariantGroup;
			children = (
				825CF8811A44B3B300A05427 /* Base */,
			);
			name = Main.storyboard;
			sourceTree = "<group>";
		};
		825CF8851A44B3B300A05427 /* LaunchScreen.xib */ = {
			isa = PBXVariantGroup;
			children = (
				825CF8861A44B3B300A05427 /* Base */,
			);
			name = LaunchScreen.xib;
			sourceTree = "<group>";
		};
/* End PBXVariantGroup section */

/* Begin XCBuildConfiguration section */
		825CF8941A44B3B300A05427 /* Debug */ = {
			isa = XCBuildConfiguration;
			buildSettings = {
				ALWAYS_SEARCH_USER_PATHS = NO;
				CLANG_CXX_LANGUAGE_STANDARD = "gnu++0x";
				CLANG_CXX_LIBRARY = "libc++";
				CLANG_ENABLE_MODULES = YES;
				CLANG_ENABLE_OBJC_ARC = YES;
				CLANG_WARN_BOOL_CONVERSION = YES;
				CLANG_WARN_CONSTANT_CONVERSION = YES;
				CLANG_WARN_DIRECT_OBJC_ISA_USAGE = YES_ERROR;
				CLANG_WARN_EMPTY_BODY = YES;
				CLANG_WARN_ENUM_CONVERSION = YES;
				CLANG_WARN_INT_CONVERSION = YES;
				CLANG_WARN_OBJC_ROOT_CLASS = YES_ERROR;
				CLANG_WARN_UNREACHABLE_CODE = YES;
				CLANG_WARN__DUPLICATE_METHOD_MATCH = YES;
				"CODE_SIGN_IDENTITY[sdk=iphoneos*]" = "iPhone Developer";
				COPY_PHASE_STRIP = NO;
				ENABLE_STRICT_OBJC_MSGSEND = YES;
				GCC_C_LANGUAGE_STANDARD = gnu99;
				GCC_DYNAMIC_NO_PIC = NO;
				GCC_OPTIMIZATION_LEVEL = 0;
				GCC_PREPROCESSOR_DEFINITIONS = (
					"DEBUG=1",
					"$(inherited)",
				);
				GCC_SYMBOLS_PRIVATE_EXTERN = NO;
				GCC_WARN_64_TO_32_BIT_CONVERSION = YES;
				GCC_WARN_ABOUT_RETURN_TYPE = YES_ERROR;
				GCC_WARN_UNDECLARED_SELECTOR = YES;
				GCC_WARN_UNINITIALIZED_AUTOS = YES_AGGRESSIVE;
				GCC_WARN_UNUSED_FUNCTION = YES;
				GCC_WARN_UNUSED_VARIABLE = YES;
				IPHONEOS_DEPLOYMENT_TARGET = 8.1;
				MTL_ENABLE_DEBUG_INFO = YES;
				ONLY_ACTIVE_ARCH = YES;
				SDKROOT = iphoneos;
				SWIFT_OPTIMIZATION_LEVEL = "-Onone";
				TARGETED_DEVICE_FAMILY = "1,2";
			};
			name = Debug;
		};
		825CF8951A44B3B300A05427 /* Release */ = {
			isa = XCBuildConfiguration;
			buildSettings = {
				ALWAYS_SEARCH_USER_PATHS = NO;
				CLANG_CXX_LANGUAGE_STANDARD = "gnu++0x";
				CLANG_CXX_LIBRARY = "libc++";
				CLANG_ENABLE_MODULES = YES;
				CLANG_ENABLE_OBJC_ARC = YES;
				CLANG_WARN_BOOL_CONVERSION = YES;
				CLANG_WARN_CONSTANT_CONVERSION = YES;
				CLANG_WARN_DIRECT_OBJC_ISA_USAGE = YES_ERROR;
				CLANG_WARN_EMPTY_BODY = YES;
				CLANG_WARN_ENUM_CONVERSION = YES;
				CLANG_WARN_INT_CONVERSION = YES;
				CLANG_WARN_OBJC_ROOT_CLASS = YES_ERROR;
				CLANG_WARN_UNREACHABLE_CODE = YES;
				CLANG_WARN__DUPLICATE_METHOD_MATCH = YES;
				"CODE_SIGN_IDENTITY[sdk=iphoneos*]" = "iPhone Developer";
				COPY_PHASE_STRIP = YES;
				ENABLE_NS_ASSERTIONS = NO;
				ENABLE_STRICT_OBJC_MSGSEND = YES;
				GCC_C_LANGUAGE_STANDARD = gnu99;
				GCC_WARN_64_TO_32_BIT_CONVERSION = YES;
				GCC_WARN_ABOUT_RETURN_TYPE = YES_ERROR;
				GCC_WARN_UNDECLARED_SELECTOR = YES;
				GCC_WARN_UNINITIALIZED_AUTOS = YES_AGGRESSIVE;
				GCC_WARN_UNUSED_FUNCTION = YES;
				GCC_WARN_UNUSED_VARIABLE = YES;
				IPHONEOS_DEPLOYMENT_TARGET = 8.1;
				MTL_ENABLE_DEBUG_INFO = NO;
				SDKROOT = iphoneos;
				TARGETED_DEVICE_FAMILY = "1,2";
				VALIDATE_PRODUCT = YES;
			};
			name = Release;
		};
		825CF8971A44B3B300A05427 /* Debug */ = {
			isa = XCBuildConfiguration;
			buildSettings = {
				ASSETCATALOG_COMPILER_APPICON_NAME = AppIcon;
				INFOPLIST_FILE = "first app/Info.plist";
				LD_RUNPATH_SEARCH_PATHS = "$(inherited) @executable_path/Frameworks";
				PRODUCT_NAME = "$(TARGET_NAME)";
			};
			name = Debug;
		};
		825CF8981A44B3B300A05427 /* Release */ = {
			isa = XCBuildConfiguration;
			buildSettings = {
				ASSETCATALOG_COMPILER_APPICON_NAME = AppIcon;
				INFOPLIST_FILE = "first app/Info.plist";
				LD_RUNPATH_SEARCH_PATHS = "$(inherited) @executable_path/Frameworks";
				PRODUCT_NAME = "$(TARGET_NAME)";
			};
			name = Release;
		};
		825CF89A1A44B3B300A05427 /* Debug */ = {
			isa = XCBuildConfiguration;
			buildSettings = {
				BUNDLE_LOADER = "$(TEST_HOST)";
				FRAMEWORK_SEARCH_PATHS = (
					"$(SDKROOT)/Developer/Library/Frameworks",
					"$(inherited)",
				);
				GCC_PREPROCESSOR_DEFINITIONS = (
					"DEBUG=1",
					"$(inherited)",
				);
				INFOPLIST_FILE = "first appTests/Info.plist";
				LD_RUNPATH_SEARCH_PATHS = "$(inherited) @executable_path/Frameworks @loader_path/Frameworks";
				PRODUCT_NAME = "$(TARGET_NAME)";
				TEST_HOST = "$(BUILT_PRODUCTS_DIR)/first app.app/first app";
			};
			name = Debug;
		};
		825CF89B1A44B3B300A05427 /* Release */ = {
			isa = XCBuildConfiguration;
			buildSettings = {
				BUNDLE_LOADER = "$(TEST_HOST)";
				FRAMEWORK_SEARCH_PATHS = (
					"$(SDKROOT)/Developer/Library/Frameworks",
					"$(inherited)",
				);
				INFOPLIST_FILE = "first appTests/Info.plist";
				LD_RUNPATH_SEARCH_PATHS = "$(inherited) @executable_path/Frameworks @loader_path/Frameworks";
				PRODUCT_NAME = "$(TARGET_NAME)";
				TEST_HOST = "$(BUILT_PRODUCTS_DIR)/first app.app/first app";
			};
			name = Release;
		};
/* End XCBuildConfiguration section */

/* Begin XCConfigurationList section */
		825CF8721A44B3B300A05427 /* Build configuration list for PBXProject "first app" */ = {
			isa = XCConfigurationList;
			buildConfigurations = (
				825CF8941A44B3B300A05427 /* Debug */,
				825CF8951A44B3B300A05427 /* Release */,
			);
			defaultConfigurationIsVisible = 0;
			defaultConfigurationName = Release;
		};
		825CF8961A44B3B300A05427 /* Build configuration list for PBXNativeTarget "first app" */ = {
			isa = XCConfigurationList;
			buildConfigurations = (
				825CF8971A44B3B300A05427 /* Debug */,
				825CF8981A44B3B300A05427 /* Release */,
			);
			defaultConfigurationIsVisible = 0;
		};
		825CF8991A44B3B300A05427 /* Build configuration list for PBXNativeTarget "first appTests" */ = {
			isa = XCConfigurationList;
			buildConfigurations = (
				825CF89A1A44B3B300A05427 /* Debug */,
				825CF89B1A44B3B300A05427 /* Release */,
			);
			defaultConfigurationIsVisible = 0;
		};
/* End XCConfigurationList section */
	};
	rootObject = 825CF86F1A44B3B300A05427 /* Project object */;
}
