// !$*UTF8*$!
{
	archiveVersion = 1;
	classes = {
	};
	objectVersion = 46;
	objects = {

/* Begin PBXBuildFile section */
		827967801A83008F0040144E /* AppDelegate.swift in Sources */ = {isa = PBXBuildFile; fileRef = 8279677F1A83008F0040144E /* AppDelegate.swift */; };
		827967821A83008F0040144E /* ViewController.swift in Sources */ = {isa = PBXBuildFile; fileRef = 827967811A83008F0040144E /* ViewController.swift */; };
		827967851A83008F0040144E /* Main.storyboard in Resources */ = {isa = PBXBuildFile; fileRef = 827967831A83008F0040144E /* Main.storyboard */; };
		827967871A83008F0040144E /* Images.xcassets in Resources */ = {isa = PBXBuildFile; fileRef = 827967861A83008F0040144E /* Images.xcassets */; };
		8279678A1A83008F0040144E /* LaunchScreen.xib in Resources */ = {isa = PBXBuildFile; fileRef = 827967881A83008F0040144E /* LaunchScreen.xib */; };
		827967961A83008F0040144E /* login_appTests.swift in Sources */ = {isa = PBXBuildFile; fileRef = 827967951A83008F0040144E /* login_appTests.swift */; };
/* End PBXBuildFile section */

/* Begin PBXContainerItemProxy section */
		827967901A83008F0040144E /* PBXContainerItemProxy */ = {
			isa = PBXContainerItemProxy;
			containerPortal = 827967721A83008F0040144E /* Project object */;
			proxyType = 1;
			remoteGlobalIDString = 827967791A83008F0040144E;
			remoteInfo = "login app";
		};
/* End PBXContainerItemProxy section */

/* Begin PBXFileReference section */
		8279677A1A83008F0040144E /* login app.app */ = {isa = PBXFileReference; explicitFileType = wrapper.application; includeInIndex = 0; path = "login app.app"; sourceTree = BUILT_PRODUCTS_DIR; };
		8279677E1A83008F0040144E /* Info.plist */ = {isa = PBXFileReference; lastKnownFileType = text.plist.xml; path = Info.plist; sourceTree = "<group>"; };
		8279677F1A83008F0040144E /* AppDelegate.swift */ = {isa = PBXFileReference; lastKnownFileType = sourcecode.swift; path = AppDelegate.swift; sourceTree = "<group>"; };
		827967811A83008F0040144E /* ViewController.swift */ = {isa = PBXFileReference; lastKnownFileType = sourcecode.swift; path = ViewController.swift; sourceTree = "<group>"; };
		827967841A83008F0040144E /* Base */ = {isa = PBXFileReference; lastKnownFileType = file.storyboard; name = Base; path = Base.lproj/Main.storyboard; sourceTree = "<group>"; };
		827967861A83008F0040144E /* Images.xcassets */ = {isa = PBXFileReference; lastKnownFileType = folder.assetcatalog; path = Images.xcassets; sourceTree = "<group>"; };
		827967891A83008F0040144E /* Base */ = {isa = PBXFileReference; lastKnownFileType = file.xib; name = Base; path = Base.lproj/LaunchScreen.xib; sourceTree = "<group>"; };
		8279678F1A83008F0040144E /* login appTests.xctest */ = {isa = PBXFileReference; explicitFileType = wrapper.cfbundle; includeInIndex = 0; path = "login appTests.xctest"; sourceTree = BUILT_PRODUCTS_DIR; };
		827967941A83008F0040144E /* Info.plist */ = {isa = PBXFileReference; lastKnownFileType = text.plist.xml; path = Info.plist; sourceTree = "<group>"; };
		827967951A83008F0040144E /* login_appTests.swift */ = {isa = PBXFileReference; lastKnownFileType = sourcecode.swift; path = login_appTests.swift; sourceTree = "<group>"; };
/* End PBXFileReference section */

/* Begin PBXFrameworksBuildPhase section */
		827967771A83008F0040144E /* Frameworks */ = {
			isa = PBXFrameworksBuildPhase;
			buildActionMask = 2147483647;
			files = (
			);
			runOnlyForDeploymentPostprocessing = 0;
		};
		8279678C1A83008F0040144E /* Frameworks */ = {
			isa = PBXFrameworksBuildPhase;
			buildActionMask = 2147483647;
			files = (
			);
			runOnlyForDeploymentPostprocessing = 0;
		};
/* End PBXFrameworksBuildPhase section */

/* Begin PBXGroup section */
		827967711A83008F0040144E = {
			isa = PBXGroup;
			children = (
				8279677C1A83008F0040144E /* login app */,
				827967921A83008F0040144E /* login appTests */,
				8279677B1A83008F0040144E /* Products */,
			);
			sourceTree = "<group>";
		};
		8279677B1A83008F0040144E /* Products */ = {
			isa = PBXGroup;
			children = (
				8279677A1A83008F0040144E /* login app.app */,
				8279678F1A83008F0040144E /* login appTests.xctest */,
			);
			name = Products;
			sourceTree = "<group>";
		};
		8279677C1A83008F0040144E /* login app */ = {
			isa = PBXGroup;
			children = (
				8279677F1A83008F0040144E /* AppDelegate.swift */,
				827967811A83008F0040144E /* ViewController.swift */,
				827967831A83008F0040144E /* Main.storyboard */,
				827967861A83008F0040144E /* Images.xcassets */,
				827967881A83008F0040144E /* LaunchScreen.xib */,
				8279677D1A83008F0040144E /* Supporting Files */,
			);
			path = "login app";
			sourceTree = "<group>";
		};
		8279677D1A83008F0040144E /* Supporting Files */ = {
			isa = PBXGroup;
			children = (
				8279677E1A83008F0040144E /* Info.plist */,
			);
			name = "Supporting Files";
			sourceTree = "<group>";
		};
		827967921A83008F0040144E /* login appTests */ = {
			isa = PBXGroup;
			children = (
				827967951A83008F0040144E /* login_appTests.swift */,
				827967931A83008F0040144E /* Supporting Files */,
			);
			path = "login appTests";
			sourceTree = "<group>";
		};
		827967931A83008F0040144E /* Supporting Files */ = {
			isa = PBXGroup;
			children = (
				827967941A83008F0040144E /* Info.plist */,
			);
			name = "Supporting Files";
			sourceTree = "<group>";
		};
/* End PBXGroup section */

/* Begin PBXNativeTarget section */
		827967791A83008F0040144E /* login app */ = {
			isa = PBXNativeTarget;
			buildConfigurationList = 827967991A83008F0040144E /* Build configuration list for PBXNativeTarget "login app" */;
			buildPhases = (
				827967761A83008F0040144E /* Sources */,
				827967771A83008F0040144E /* Frameworks */,
				827967781A83008F0040144E /* Resources */,
			);
			buildRules = (
			);
			dependencies = (
			);
			name = "login app";
			productName = "login app";
			productReference = 8279677A1A83008F0040144E /* login app.app */;
			productType = "com.apple.product-type.application";
		};
		8279678E1A83008F0040144E /* login appTests */ = {
			isa = PBXNativeTarget;
			buildConfigurationList = 8279679C1A83008F0040144E /* Build configuration list for PBXNativeTarget "login appTests" */;
			buildPhases = (
				8279678B1A83008F0040144E /* Sources */,
				8279678C1A83008F0040144E /* Frameworks */,
				8279678D1A83008F0040144E /* Resources */,
			);
			buildRules = (
			);
			dependencies = (
				827967911A83008F0040144E /* PBXTargetDependency */,
			);
			name = "login appTests";
			productName = "login appTests";
			productReference = 8279678F1A83008F0040144E /* login appTests.xctest */;
			productType = "com.apple.product-type.bundle.unit-test";
		};
/* End PBXNativeTarget section */

/* Begin PBXProject section */
		827967721A83008F0040144E /* Project object */ = {
			isa = PBXProject;
			attributes = {
				LastUpgradeCheck = 0610;
				ORGANIZATIONNAME = "Allison McMillan";
				TargetAttributes = {
					827967791A83008F0040144E = {
						CreatedOnToolsVersion = 6.1.1;
					};
					8279678E1A83008F0040144E = {
						CreatedOnToolsVersion = 6.1.1;
						TestTargetID = 827967791A83008F0040144E;
					};
				};
			};
			buildConfigurationList = 827967751A83008F0040144E /* Build configuration list for PBXProject "login app" */;
			compatibilityVersion = "Xcode 3.2";
			developmentRegion = English;
			hasScannedForEncodings = 0;
			knownRegions = (
				en,
				Base,
			);
			mainGroup = 827967711A83008F0040144E;
			productRefGroup = 8279677B1A83008F0040144E /* Products */;
			projectDirPath = "";
			projectRoot = "";
			targets = (
				827967791A83008F0040144E /* login app */,
				8279678E1A83008F0040144E /* login appTests */,
			);
		};
/* End PBXProject section */

/* Begin PBXResourcesBuildPhase section */
		827967781A83008F0040144E /* Resources */ = {
			isa = PBXResourcesBuildPhase;
			buildActionMask = 2147483647;
			files = (
				827967851A83008F0040144E /* Main.storyboard in Resources */,
				8279678A1A83008F0040144E /* LaunchScreen.xib in Resources */,
				827967871A83008F0040144E /* Images.xcassets in Resources */,
			);
			runOnlyForDeploymentPostprocessing = 0;
		};
		8279678D1A83008F0040144E /* Resources */ = {
			isa = PBXResourcesBuildPhase;
			buildActionMask = 2147483647;
			files = (
			);
			runOnlyForDeploymentPostprocessing = 0;
		};
/* End PBXResourcesBuildPhase section */

/* Begin PBXSourcesBuildPhase section */
		827967761A83008F0040144E /* Sources */ = {
			isa = PBXSourcesBuildPhase;
			buildActionMask = 2147483647;
			files = (
				827967821A83008F0040144E /* ViewController.swift in Sources */,
				827967801A83008F0040144E /* AppDelegate.swift in Sources */,
			);
			runOnlyForDeploymentPostprocessing = 0;
		};
		8279678B1A83008F0040144E /* Sources */ = {
			isa = PBXSourcesBuildPhase;
			buildActionMask = 2147483647;
			files = (
				827967961A83008F0040144E /* login_appTests.swift in Sources */,
			);
			runOnlyForDeploymentPostprocessing = 0;
		};
/* End PBXSourcesBuildPhase section */

/* Begin PBXTargetDependency section */
		827967911A83008F0040144E /* PBXTargetDependency */ = {
			isa = PBXTargetDependency;
			target = 827967791A83008F0040144E /* login app */;
			targetProxy = 827967901A83008F0040144E /* PBXContainerItemProxy */;
		};
/* End PBXTargetDependency section */

/* Begin PBXVariantGroup section */
		827967831A83008F0040144E /* Main.storyboard */ = {
			isa = PBXVariantGroup;
			children = (
				827967841A83008F0040144E /* Base */,
			);
			name = Main.storyboard;
			sourceTree = "<group>";
		};
		827967881A83008F0040144E /* LaunchScreen.xib */ = {
			isa = PBXVariantGroup;
			children = (
				827967891A83008F0040144E /* Base */,
			);
			name = LaunchScreen.xib;
			sourceTree = "<group>";
		};
/* End PBXVariantGroup section */

/* Begin XCBuildConfiguration section */
		827967971A83008F0040144E /* Debug */ = {
			isa = XCBuildConfiguration;
			buildSettings = {
				ALWAYS_SEARCH_USER_PATHS = NO;
				CLANG_CXX_LANGUAGE_STANDARD = "gnu++0x";
				CLANG_CXX_LIBRARY = "libc++";
				CLANG_ENABLE_MODULES = YES;
				CLANG_ENABLE_OBJC_ARC = YES;
				CLANG_WARN_BOOL_CONVERSION = YES;
				CLANG_WARN_CONSTANT_CONVERSION = YES;
				CLANG_WARN_DIRECT_OBJC_ISA_USAGE = YES_ERROR;
				CLANG_WARN_EMPTY_BODY = YES;
				CLANG_WARN_ENUM_CONVERSION = YES;
				CLANG_WARN_INT_CONVERSION = YES;
				CLANG_WARN_OBJC_ROOT_CLASS = YES_ERROR;
				CLANG_WARN_UNREACHABLE_CODE = YES;
				CLANG_WARN__DUPLICATE_METHOD_MATCH = YES;
				"CODE_SIGN_IDENTITY[sdk=iphoneos*]" = "iPhone Developer";
				COPY_PHASE_STRIP = NO;
				ENABLE_STRICT_OBJC_MSGSEND = YES;
				GCC_C_LANGUAGE_STANDARD = gnu99;
				GCC_DYNAMIC_NO_PIC = NO;
				GCC_OPTIMIZATION_LEVEL = 0;
				GCC_PREPROCESSOR_DEFINITIONS = (
					"DEBUG=1",
					"$(inherited)",
				);
				GCC_SYMBOLS_PRIVATE_EXTERN = NO;
				GCC_WARN_64_TO_32_BIT_CONVERSION = YES;
				GCC_WARN_ABOUT_RETURN_TYPE = YES_ERROR;
				GCC_WARN_UNDECLARED_SELECTOR = YES;
				GCC_WARN_UNINITIALIZED_AUTOS = YES_AGGRESSIVE;
				GCC_WARN_UNUSED_FUNCTION = YES;
				GCC_WARN_UNUSED_VARIABLE = YES;
				IPHONEOS_DEPLOYMENT_TARGET = 8.1;
				MTL_ENABLE_DEBUG_INFO = YES;
				ONLY_ACTIVE_ARCH = YES;
				SDKROOT = iphoneos;
				SWIFT_OPTIMIZATION_LEVEL = "-Onone";
			};
			name = Debug;
		};
		827967981A83008F0040144E /* Release */ = {
			isa = XCBuildConfiguration;
			buildSettings = {
				ALWAYS_SEARCH_USER_PATHS = NO;
				CLANG_CXX_LANGUAGE_STANDARD = "gnu++0x";
				CLANG_CXX_LIBRARY = "libc++";
				CLANG_ENABLE_MODULES = YES;
				CLANG_ENABLE_OBJC_ARC = YES;
				CLANG_WARN_BOOL_CONVERSION = YES;
				CLANG_WARN_CONSTANT_CONVERSION = YES;
				CLANG_WARN_DIRECT_OBJC_ISA_USAGE = YES_ERROR;
				CLANG_WARN_EMPTY_BODY = YES;
				CLANG_WARN_ENUM_CONVERSION = YES;
				CLANG_WARN_INT_CONVERSION = YES;
				CLANG_WARN_OBJC_ROOT_CLASS = YES_ERROR;
				CLANG_WARN_UNREACHABLE_CODE = YES;
				CLANG_WARN__DUPLICATE_METHOD_MATCH = YES;
				"CODE_SIGN_IDENTITY[sdk=iphoneos*]" = "iPhone Developer";
				COPY_PHASE_STRIP = YES;
				ENABLE_NS_ASSERTIONS = NO;
				ENABLE_STRICT_OBJC_MSGSEND = YES;
				GCC_C_LANGUAGE_STANDARD = gnu99;
				GCC_WARN_64_TO_32_BIT_CONVERSION = YES;
				GCC_WARN_ABOUT_RETURN_TYPE = YES_ERROR;
				GCC_WARN_UNDECLARED_SELECTOR = YES;
				GCC_WARN_UNINITIALIZED_AUTOS = YES_AGGRESSIVE;
				GCC_WARN_UNUSED_FUNCTION = YES;
				GCC_WARN_UNUSED_VARIABLE = YES;
				IPHONEOS_DEPLOYMENT_TARGET = 8.1;
				MTL_ENABLE_DEBUG_INFO = NO;
				SDKROOT = iphoneos;
				VALIDATE_PRODUCT = YES;
			};
			name = Release;
		};
		8279679A1A83008F0040144E /* Debug */ = {
			isa = XCBuildConfiguration;
			buildSettings = {
				ASSETCATALOG_COMPILER_APPICON_NAME = AppIcon;
				INFOPLIST_FILE = "login app/Info.plist";
				LD_RUNPATH_SEARCH_PATHS = "$(inherited) @executable_path/Frameworks";
				PRODUCT_NAME = "$(TARGET_NAME)";
			};
			name = Debug;
		};
		8279679B1A83008F0040144E /* Release */ = {
			isa = XCBuildConfiguration;
			buildSettings = {
				ASSETCATALOG_COMPILER_APPICON_NAME = AppIcon;
				INFOPLIST_FILE = "login app/Info.plist";
				LD_RUNPATH_SEARCH_PATHS = "$(inherited) @executable_path/Frameworks";
				PRODUCT_NAME = "$(TARGET_NAME)";
			};
			name = Release;
		};
		8279679D1A83008F0040144E /* Debug */ = {
			isa = XCBuildConfiguration;
			buildSettings = {
				BUNDLE_LOADER = "$(TEST_HOST)";
				FRAMEWORK_SEARCH_PATHS = (
					"$(SDKROOT)/Developer/Library/Frameworks",
					"$(inherited)",
				);
				GCC_PREPROCESSOR_DEFINITIONS = (
					"DEBUG=1",
					"$(inherited)",
				);
				INFOPLIST_FILE = "login appTests/Info.plist";
				LD_RUNPATH_SEARCH_PATHS = "$(inherited) @executable_path/Frameworks @loader_path/Frameworks";
				PRODUCT_NAME = "$(TARGET_NAME)";
				TEST_HOST = "$(BUILT_PRODUCTS_DIR)/login app.app/login app";
			};
			name = Debug;
		};
		8279679E1A83008F0040144E /* Release */ = {
			isa = XCBuildConfiguration;
			buildSettings = {
				BUNDLE_LOADER = "$(TEST_HOST)";
				FRAMEWORK_SEARCH_PATHS = (
					"$(SDKROOT)/Developer/Library/Frameworks",
					"$(inherited)",
				);
				INFOPLIST_FILE = "login appTests/Info.plist";
				LD_RUNPATH_SEARCH_PATHS = "$(inherited) @executable_path/Frameworks @loader_path/Frameworks";
				PRODUCT_NAME = "$(TARGET_NAME)";
				TEST_HOST = "$(BUILT_PRODUCTS_DIR)/login app.app/login app";
			};
			name = Release;
		};
/* End XCBuildConfiguration section */

/* Begin XCConfigurationList section */
		827967751A83008F0040144E /* Build configuration list for PBXProject "login app" */ = {
			isa = XCConfigurationList;
			buildConfigurations = (
				827967971A83008F0040144E /* Debug */,
				827967981A83008F0040144E /* Release */,
			);
			defaultConfigurationIsVisible = 0;
			defaultConfigurationName = Release;
		};
		827967991A83008F0040144E /* Build configuration list for PBXNativeTarget "login app" */ = {
			isa = XCConfigurationList;
			buildConfigurations = (
				8279679A1A83008F0040144E /* Debug */,
				8279679B1A83008F0040144E /* Release */,
			);
			defaultConfigurationIsVisible = 0;
		};
		8279679C1A83008F0040144E /* Build configuration list for PBXNativeTarget "login appTests" */ = {
			isa = XCConfigurationList;
			buildConfigurations = (
				8279679D1A83008F0040144E /* Debug */,
				8279679E1A83008F0040144E /* Release */,
			);
			defaultConfigurationIsVisible = 0;
		};
/* End XCConfigurationList section */
	};
	rootObject = 827967721A83008F0040144E /* Project object */;
}
