// !$*UTF8*$!
{
	archiveVersion = 1;
	classes = {
	};
	objectVersion = 46;
	objects = {

/* Begin PBXBuildFile section */
		825CF8AD1A47425600A05427 /* AppDelegate.swift in Sources */ = {isa = PBXBuildFile; fileRef = 825CF8AC1A47425600A05427 /* AppDelegate.swift */; };
		825CF8AF1A47425600A05427 /* ViewController.swift in Sources */ = {isa = PBXBuildFile; fileRef = 825CF8AE1A47425600A05427 /* ViewController.swift */; };
		825CF8B21A47425600A05427 /* Main.storyboard in Resources */ = {isa = PBXBuildFile; fileRef = 825CF8B01A47425600A05427 /* Main.storyboard */; };
		825CF8B41A47425600A05427 /* Images.xcassets in Resources */ = {isa = PBXBuildFile; fileRef = 825CF8B31A47425600A05427 /* Images.xcassets */; };
		825CF8B71A47425600A05427 /* LaunchScreen.xib in Resources */ = {isa = PBXBuildFile; fileRef = 825CF8B51A47425600A05427 /* LaunchScreen.xib */; };
		825CF8C31A47425600A05427 /* secondappTests.swift in Sources */ = {isa = PBXBuildFile; fileRef = 825CF8C21A47425600A05427 /* secondappTests.swift */; };
		825CF8CF1A4744CB00A05427 /* iphonenew.jpg in Resources */ = {isa = PBXBuildFile; fileRef = 825CF8CE1A4744CB00A05427 /* iphonenew.jpg */; };
/* End PBXBuildFile section */

/* Begin PBXContainerItemProxy section */
		825CF8BD1A47425600A05427 /* PBXContainerItemProxy */ = {
			isa = PBXContainerItemProxy;
			containerPortal = 825CF89F1A47425600A05427 /* Project object */;
			proxyType = 1;
			remoteGlobalIDString = 825CF8A61A47425600A05427;
			remoteInfo = secondapp;
		};
/* End PBXContainerItemProxy section */

/* Begin PBXFileReference section */
		825CF8A71A47425600A05427 /* secondapp.app */ = {isa = PBXFileReference; explicitFileType = wrapper.application; includeInIndex = 0; path = secondapp.app; sourceTree = BUILT_PRODUCTS_DIR; };
		825CF8AB1A47425600A05427 /* Info.plist */ = {isa = PBXFileReference; lastKnownFileType = text.plist.xml; path = Info.plist; sourceTree = "<group>"; };
		825CF8AC1A47425600A05427 /* AppDelegate.swift */ = {isa = PBXFileReference; lastKnownFileType = sourcecode.swift; path = AppDelegate.swift; sourceTree = "<group>"; };
		825CF8AE1A47425600A05427 /* ViewController.swift */ = {isa = PBXFileReference; lastKnownFileType = sourcecode.swift; path = ViewController.swift; sourceTree = "<group>"; };
		825CF8B11A47425600A05427 /* Base */ = {isa = PBXFileReference; lastKnownFileType = file.storyboard; name = Base; path = Base.lproj/Main.storyboard; sourceTree = "<group>"; };
		825CF8B31A47425600A05427 /* Images.xcassets */ = {isa = PBXFileReference; lastKnownFileType = folder.assetcatalog; path = Images.xcassets; sourceTree = "<group>"; };
		825CF8B61A47425600A05427 /* Base */ = {isa = PBXFileReference; lastKnownFileType = file.xib; name = Base; path = Base.lproj/LaunchScreen.xib; sourceTree = "<group>"; };
		825CF8BC1A47425600A05427 /* secondappTests.xctest */ = {isa = PBXFileReference; explicitFileType = wrapper.cfbundle; includeInIndex = 0; path = secondappTests.xctest; sourceTree = BUILT_PRODUCTS_DIR; };
		825CF8C11A47425600A05427 /* Info.plist */ = {isa = PBXFileReference; lastKnownFileType = text.plist.xml; path = Info.plist; sourceTree = "<group>"; };
		825CF8C21A47425600A05427 /* secondappTests.swift */ = {isa = PBXFileReference; lastKnownFileType = sourcecode.swift; path = secondappTests.swift; sourceTree = "<group>"; };
		825CF8CE1A4744CB00A05427 /* iphonenew.jpg */ = {isa = PBXFileReference; lastKnownFileType = image.jpeg; path = iphonenew.jpg; sourceTree = "<group>"; };
/* End PBXFileReference section */

/* Begin PBXFrameworksBuildPhase section */
		825CF8A41A47425600A05427 /* Frameworks */ = {
			isa = PBXFrameworksBuildPhase;
			buildActionMask = 2147483647;
			files = (
			);
			runOnlyForDeploymentPostprocessing = 0;
		};
		825CF8B91A47425600A05427 /* Frameworks */ = {
			isa = PBXFrameworksBuildPhase;
			buildActionMask = 2147483647;
			files = (
			);
			runOnlyForDeploymentPostprocessing = 0;
		};
/* End PBXFrameworksBuildPhase section */

/* Begin PBXGroup section */
		825CF89E1A47425600A05427 = {
			isa = PBXGroup;
			children = (
				825CF8A91A47425600A05427 /* secondapp */,
				825CF8BF1A47425600A05427 /* secondappTests */,
				825CF8A81A47425600A05427 /* Products */,
			);
			sourceTree = "<group>";
		};
		825CF8A81A47425600A05427 /* Products */ = {
			isa = PBXGroup;
			children = (
				825CF8A71A47425600A05427 /* secondapp.app */,
				825CF8BC1A47425600A05427 /* secondappTests.xctest */,
			);
			name = Products;
			sourceTree = "<group>";
		};
		825CF8A91A47425600A05427 /* secondapp */ = {
			isa = PBXGroup;
			children = (
				825CF8CE1A4744CB00A05427 /* iphonenew.jpg */,
				825CF8AC1A47425600A05427 /* AppDelegate.swift */,
				825CF8AE1A47425600A05427 /* ViewController.swift */,
				825CF8B01A47425600A05427 /* Main.storyboard */,
				825CF8B31A47425600A05427 /* Images.xcassets */,
				825CF8B51A47425600A05427 /* LaunchScreen.xib */,
				825CF8AA1A47425600A05427 /* Supporting Files */,
			);
			path = secondapp;
			sourceTree = "<group>";
		};
		825CF8AA1A47425600A05427 /* Supporting Files */ = {
			isa = PBXGroup;
			children = (
				825CF8AB1A47425600A05427 /* Info.plist */,
			);
			name = "Supporting Files";
			sourceTree = "<group>";
		};
		825CF8BF1A47425600A05427 /* secondappTests */ = {
			isa = PBXGroup;
			children = (
				825CF8C21A47425600A05427 /* secondappTests.swift */,
				825CF8C01A47425600A05427 /* Supporting Files */,
			);
			path = secondappTests;
			sourceTree = "<group>";
		};
		825CF8C01A47425600A05427 /* Supporting Files */ = {
			isa = PBXGroup;
			children = (
				825CF8C11A47425600A05427 /* Info.plist */,
			);
			name = "Supporting Files";
			sourceTree = "<group>";
		};
/* End PBXGroup section */

/* Begin PBXNativeTarget section */
		825CF8A61A47425600A05427 /* secondapp */ = {
			isa = PBXNativeTarget;
			buildConfigurationList = 825CF8C61A47425600A05427 /* Build configuration list for PBXNativeTarget "secondapp" */;
			buildPhases = (
				825CF8A31A47425600A05427 /* Sources */,
				825CF8A41A47425600A05427 /* Frameworks */,
				825CF8A51A47425600A05427 /* Resources */,
			);
			buildRules = (
			);
			dependencies = (
			);
			name = secondapp;
			productName = secondapp;
			productReference = 825CF8A71A47425600A05427 /* secondapp.app */;
			productType = "com.apple.product-type.application";
		};
		825CF8BB1A47425600A05427 /* secondappTests */ = {
			isa = PBXNativeTarget;
			buildConfigurationList = 825CF8C91A47425600A05427 /* Build configuration list for PBXNativeTarget "secondappTests" */;
			buildPhases = (
				825CF8B81A47425600A05427 /* Sources */,
				825CF8B91A47425600A05427 /* Frameworks */,
				825CF8BA1A47425600A05427 /* Resources */,
			);
			buildRules = (
			);
			dependencies = (
				825CF8BE1A47425600A05427 /* PBXTargetDependency */,
			);
			name = secondappTests;
			productName = secondappTests;
			productReference = 825CF8BC1A47425600A05427 /* secondappTests.xctest */;
			productType = "com.apple.product-type.bundle.unit-test";
		};
/* End PBXNativeTarget section */

/* Begin PBXProject section */
		825CF89F1A47425600A05427 /* Project object */ = {
			isa = PBXProject;
			attributes = {
				LastUpgradeCheck = 0610;
				ORGANIZATIONNAME = "Allison McMillan";
				TargetAttributes = {
					825CF8A61A47425600A05427 = {
						CreatedOnToolsVersion = 6.1.1;
					};
					825CF8BB1A47425600A05427 = {
						CreatedOnToolsVersion = 6.1.1;
						TestTargetID = 825CF8A61A47425600A05427;
					};
				};
			};
			buildConfigurationList = 825CF8A21A47425600A05427 /* Build configuration list for PBXProject "secondapp" */;
			compatibilityVersion = "Xcode 3.2";
			developmentRegion = English;
			hasScannedForEncodings = 0;
			knownRegions = (
				en,
				Base,
			);
			mainGroup = 825CF89E1A47425600A05427;
			productRefGroup = 825CF8A81A47425600A05427 /* Products */;
			projectDirPath = "";
			projectRoot = "";
			targets = (
				825CF8A61A47425600A05427 /* secondapp */,
				825CF8BB1A47425600A05427 /* secondappTests */,
			);
		};
/* End PBXProject section */

/* Begin PBXResourcesBuildPhase section */
		825CF8A51A47425600A05427 /* Resources */ = {
			isa = PBXResourcesBuildPhase;
			buildActionMask = 2147483647;
			files = (
				825CF8B21A47425600A05427 /* Main.storyboard in Resources */,
				825CF8CF1A4744CB00A05427 /* iphonenew.jpg in Resources */,
				825CF8B71A47425600A05427 /* LaunchScreen.xib in Resources */,
				825CF8B41A47425600A05427 /* Images.xcassets in Resources */,
			);
			runOnlyForDeploymentPostprocessing = 0;
		};
		825CF8BA1A47425600A05427 /* Resources */ = {
			isa = PBXResourcesBuildPhase;
			buildActionMask = 2147483647;
			files = (
			);
			runOnlyForDeploymentPostprocessing = 0;
		};
/* End PBXResourcesBuildPhase section */

/* Begin PBXSourcesBuildPhase section */
		825CF8A31A47425600A05427 /* Sources */ = {
			isa = PBXSourcesBuildPhase;
			buildActionMask = 2147483647;
			files = (
				825CF8AF1A47425600A05427 /* ViewController.swift in Sources */,
				825CF8AD1A47425600A05427 /* AppDelegate.swift in Sources */,
			);
			runOnlyForDeploymentPostprocessing = 0;
		};
		825CF8B81A47425600A05427 /* Sources */ = {
			isa = PBXSourcesBuildPhase;
			buildActionMask = 2147483647;
			files = (
				825CF8C31A47425600A05427 /* secondappTests.swift in Sources */,
			);
			runOnlyForDeploymentPostprocessing = 0;
		};
/* End PBXSourcesBuildPhase section */

/* Begin PBXTargetDependency section */
		825CF8BE1A47425600A05427 /* PBXTargetDependency */ = {
			isa = PBXTargetDependency;
			target = 825CF8A61A47425600A05427 /* secondapp */;
			targetProxy = 825CF8BD1A47425600A05427 /* PBXContainerItemProxy */;
		};
/* End PBXTargetDependency section */

/* Begin PBXVariantGroup section */
		825CF8B01A47425600A05427 /* Main.storyboard */ = {
			isa = PBXVariantGroup;
			children = (
				825CF8B11A47425600A05427 /* Base */,
			);
			name = Main.storyboard;
			sourceTree = "<group>";
		};
		825CF8B51A47425600A05427 /* LaunchScreen.xib */ = {
			isa = PBXVariantGroup;
			children = (
				825CF8B61A47425600A05427 /* Base */,
			);
			name = LaunchScreen.xib;
			sourceTree = "<group>";
		};
/* End PBXVariantGroup section */

/* Begin XCBuildConfiguration section */
		825CF8C41A47425600A05427 /* Debug */ = {
			isa = XCBuildConfiguration;
			buildSettings = {
				ALWAYS_SEARCH_USER_PATHS = NO;
				CLANG_CXX_LANGUAGE_STANDARD = "gnu++0x";
				CLANG_CXX_LIBRARY = "libc++";
				CLANG_ENABLE_MODULES = YES;
				CLANG_ENABLE_OBJC_ARC = YES;
				CLANG_WARN_BOOL_CONVERSION = YES;
				CLANG_WARN_CONSTANT_CONVERSION = YES;
				CLANG_WARN_DIRECT_OBJC_ISA_USAGE = YES_ERROR;
				CLANG_WARN_EMPTY_BODY = YES;
				CLANG_WARN_ENUM_CONVERSION = YES;
				CLANG_WARN_INT_CONVERSION = YES;
				CLANG_WARN_OBJC_ROOT_CLASS = YES_ERROR;
				CLANG_WARN_UNREACHABLE_CODE = YES;
				CLANG_WARN__DUPLICATE_METHOD_MATCH = YES;
				"CODE_SIGN_IDENTITY[sdk=iphoneos*]" = "iPhone Developer";
				COPY_PHASE_STRIP = NO;
				ENABLE_STRICT_OBJC_MSGSEND = YES;
				GCC_C_LANGUAGE_STANDARD = gnu99;
				GCC_DYNAMIC_NO_PIC = NO;
				GCC_OPTIMIZATION_LEVEL = 0;
				GCC_PREPROCESSOR_DEFINITIONS = (
					"DEBUG=1",
					"$(inherited)",
				);
				GCC_SYMBOLS_PRIVATE_EXTERN = NO;
				GCC_WARN_64_TO_32_BIT_CONVERSION = YES;
				GCC_WARN_ABOUT_RETURN_TYPE = YES_ERROR;
				GCC_WARN_UNDECLARED_SELECTOR = YES;
				GCC_WARN_UNINITIALIZED_AUTOS = YES_AGGRESSIVE;
				GCC_WARN_UNUSED_FUNCTION = YES;
				GCC_WARN_UNUSED_VARIABLE = YES;
				IPHONEOS_DEPLOYMENT_TARGET = 8.1;
				MTL_ENABLE_DEBUG_INFO = YES;
				ONLY_ACTIVE_ARCH = YES;
				SDKROOT = iphoneos;
				SWIFT_OPTIMIZATION_LEVEL = "-Onone";
				TARGETED_DEVICE_FAMILY = "1,2";
			};
			name = Debug;
		};
		825CF8C51A47425600A05427 /* Release */ = {
			isa = XCBuildConfiguration;
			buildSettings = {
				ALWAYS_SEARCH_USER_PATHS = NO;
				CLANG_CXX_LANGUAGE_STANDARD = "gnu++0x";
				CLANG_CXX_LIBRARY = "libc++";
				CLANG_ENABLE_MODULES = YES;
				CLANG_ENABLE_OBJC_ARC = YES;
				CLANG_WARN_BOOL_CONVERSION = YES;
				CLANG_WARN_CONSTANT_CONVERSION = YES;
				CLANG_WARN_DIRECT_OBJC_ISA_USAGE = YES_ERROR;
				CLANG_WARN_EMPTY_BODY = YES;
				CLANG_WARN_ENUM_CONVERSION = YES;
				CLANG_WARN_INT_CONVERSION = YES;
				CLANG_WARN_OBJC_ROOT_CLASS = YES_ERROR;
				CLANG_WARN_UNREACHABLE_CODE = YES;
				CLANG_WARN__DUPLICATE_METHOD_MATCH = YES;
				"CODE_SIGN_IDENTITY[sdk=iphoneos*]" = "iPhone Developer";
				COPY_PHASE_STRIP = YES;
				ENABLE_NS_ASSERTIONS = NO;
				ENABLE_STRICT_OBJC_MSGSEND = YES;
				GCC_C_LANGUAGE_STANDARD = gnu99;
				GCC_WARN_64_TO_32_BIT_CONVERSION = YES;
				GCC_WARN_ABOUT_RETURN_TYPE = YES_ERROR;
				GCC_WARN_UNDECLARED_SELECTOR = YES;
				GCC_WARN_UNINITIALIZED_AUTOS = YES_AGGRESSIVE;
				GCC_WARN_UNUSED_FUNCTION = YES;
				GCC_WARN_UNUSED_VARIABLE = YES;
				IPHONEOS_DEPLOYMENT_TARGET = 8.1;
				MTL_ENABLE_DEBUG_INFO = NO;
				SDKROOT = iphoneos;
				TARGETED_DEVICE_FAMILY = "1,2";
				VALIDATE_PRODUCT = YES;
			};
			name = Release;
		};
		825CF8C71A47425600A05427 /* Debug */ = {
			isa = XCBuildConfiguration;
			buildSettings = {
				ASSETCATALOG_COMPILER_APPICON_NAME = AppIcon;
				INFOPLIST_FILE = secondapp/Info.plist;
				LD_RUNPATH_SEARCH_PATHS = "$(inherited) @executable_path/Frameworks";
				PRODUCT_NAME = "$(TARGET_NAME)";
			};
			name = Debug;
		};
		825CF8C81A47425600A05427 /* Release */ = {
			isa = XCBuildConfiguration;
			buildSettings = {
				ASSETCATALOG_COMPILER_APPICON_NAME = AppIcon;
				INFOPLIST_FILE = secondapp/Info.plist;
				LD_RUNPATH_SEARCH_PATHS = "$(inherited) @executable_path/Frameworks";
				PRODUCT_NAME = "$(TARGET_NAME)";
			};
			name = Release;
		};
		825CF8CA1A47425600A05427 /* Debug */ = {
			isa = XCBuildConfiguration;
			buildSettings = {
				BUNDLE_LOADER = "$(TEST_HOST)";
				FRAMEWORK_SEARCH_PATHS = (
					"$(SDKROOT)/Developer/Library/Frameworks",
					"$(inherited)",
				);
				GCC_PREPROCESSOR_DEFINITIONS = (
					"DEBUG=1",
					"$(inherited)",
				);
				INFOPLIST_FILE = secondappTests/Info.plist;
				LD_RUNPATH_SEARCH_PATHS = "$(inherited) @executable_path/Frameworks @loader_path/Frameworks";
				PRODUCT_NAME = "$(TARGET_NAME)";
				TEST_HOST = "$(BUILT_PRODUCTS_DIR)/secondapp.app/secondapp";
			};
			name = Debug;
		};
		825CF8CB1A47425600A05427 /* Release */ = {
			isa = XCBuildConfiguration;
			buildSettings = {
				BUNDLE_LOADER = "$(TEST_HOST)";
				FRAMEWORK_SEARCH_PATHS = (
					"$(SDKROOT)/Developer/Library/Frameworks",
					"$(inherited)",
				);
				INFOPLIST_FILE = secondappTests/Info.plist;
				LD_RUNPATH_SEARCH_PATHS = "$(inherited) @executable_path/Frameworks @loader_path/Frameworks";
				PRODUCT_NAME = "$(TARGET_NAME)";
				TEST_HOST = "$(BUILT_PRODUCTS_DIR)/secondapp.app/secondapp";
			};
			name = Release;
		};
/* End XCBuildConfiguration section */

/* Begin XCConfigurationList section */
		825CF8A21A47425600A05427 /* Build configuration list for PBXProject "secondapp" */ = {
			isa = XCConfigurationList;
			buildConfigurations = (
				825CF8C41A47425600A05427 /* Debug */,
				825CF8C51A47425600A05427 /* Release */,
			);
			defaultConfigurationIsVisible = 0;
			defaultConfigurationName = Release;
		};
		825CF8C61A47425600A05427 /* Build configuration list for PBXNativeTarget "secondapp" */ = {
			isa = XCConfigurationList;
			buildConfigurations = (
				825CF8C71A47425600A05427 /* Debug */,
				825CF8C81A47425600A05427 /* Release */,
			);
			defaultConfigurationIsVisible = 0;
		};
		825CF8C91A47425600A05427 /* Build configuration list for PBXNativeTarget "secondappTests" */ = {
			isa = XCConfigurationList;
			buildConfigurations = (
				825CF8CA1A47425600A05427 /* Debug */,
				825CF8CB1A47425600A05427 /* Release */,
			);
			defaultConfigurationIsVisible = 0;
		};
/* End XCConfigurationList section */
	};
	rootObject = 825CF89F1A47425600A05427 /* Project object */;
}
